// !$*UTF8*$!
{
	archiveVersion = 1;
	classes = {
	};
	objectVersion = 50;
	objects = {

/* Begin PBXBuildFile section */
		1B8B403B234E349A0053B6D9 /* AppDelegate.swift in Sources */ = {isa = PBXBuildFile; fileRef = 1B8B403A234E349A0053B6D9 /* AppDelegate.swift */; };
		1B8B403D234E349A0053B6D9 /* SceneDelegate.swift in Sources */ = {isa = PBXBuildFile; fileRef = 1B8B403C234E349A0053B6D9 /* SceneDelegate.swift */; };
		1B8B403F234E349A0053B6D9 /* ViewController.swift in Sources */ = {isa = PBXBuildFile; fileRef = 1B8B403E234E349A0053B6D9 /* ViewController.swift */; };
		1B8B4042234E349A0053B6D9 /* Main.storyboard in Resources */ = {isa = PBXBuildFile; fileRef = 1B8B4040234E349A0053B6D9 /* Main.storyboard */; };
		1B8B4044234E349B0053B6D9 /* Assets.xcassets in Resources */ = {isa = PBXBuildFile; fileRef = 1B8B4043234E349B0053B6D9 /* Assets.xcassets */; };
		1B8B4047234E349B0053B6D9 /* LaunchScreen.storyboard in Resources */ = {isa = PBXBuildFile; fileRef = 1B8B4045234E349B0053B6D9 /* LaunchScreen.storyboard */; };
		1B8B4076234F85500053B6D9 /* Entities.swift in Sources */ = {isa = PBXBuildFile; fileRef = 1B8B4075234F85500053B6D9 /* Entities.swift */; };
		1B8B4078234FACC90053B6D9 /* DataProvider.swift in Sources */ = {isa = PBXBuildFile; fileRef = 1B8B4077234FACC90053B6D9 /* DataProvider.swift */; };
		1B8B407C234FC80D0053B6D9 /* InfoViewCell.swift in Sources */ = {isa = PBXBuildFile; fileRef = 1B8B407B234FC80D0053B6D9 /* InfoViewCell.swift */; };
		1B8B407E234FC81E0053B6D9 /* ImageViewCell.swift in Sources */ = {isa = PBXBuildFile; fileRef = 1B8B407D234FC81E0053B6D9 /* ImageViewCell.swift */; };
		1BDEE37223539959008EEA6D /* Utilities.swift in Sources */ = {isa = PBXBuildFile; fileRef = 1BDEE37123539959008EEA6D /* Utilities.swift */; };
/* End PBXBuildFile section */

/* Begin PBXFileReference section */
		1B8B4037234E349A0053B6D9 /* FlyMe.app */ = {isa = PBXFileReference; explicitFileType = wrapper.application; includeInIndex = 0; path = FlyMe.app; sourceTree = BUILT_PRODUCTS_DIR; };
		1B8B403A234E349A0053B6D9 /* AppDelegate.swift */ = {isa = PBXFileReference; lastKnownFileType = sourcecode.swift; path = AppDelegate.swift; sourceTree = "<group>"; };
		1B8B403C234E349A0053B6D9 /* SceneDelegate.swift */ = {isa = PBXFileReference; lastKnownFileType = sourcecode.swift; path = SceneDelegate.swift; sourceTree = "<group>"; };
		1B8B403E234E349A0053B6D9 /* ViewController.swift */ = {isa = PBXFileReference; lastKnownFileType = sourcecode.swift; path = ViewController.swift; sourceTree = "<group>"; };
		1B8B4041234E349A0053B6D9 /* Base */ = {isa = PBXFileReference; lastKnownFileType = file.storyboard; name = Base; path = Base.lproj/Main.storyboard; sourceTree = "<group>"; };
		1B8B4043234E349B0053B6D9 /* Assets.xcassets */ = {isa = PBXFileReference; lastKnownFileType = folder.assetcatalog; path = Assets.xcassets; sourceTree = "<group>"; };
		1B8B4046234E349B0053B6D9 /* Base */ = {isa = PBXFileReference; lastKnownFileType = file.storyboard; name = Base; path = Base.lproj/LaunchScreen.storyboard; sourceTree = "<group>"; };
		1B8B4048234E349B0053B6D9 /* Info.plist */ = {isa = PBXFileReference; lastKnownFileType = text.plist.xml; path = Info.plist; sourceTree = "<group>"; };
		1B8B4075234F85500053B6D9 /* Entities.swift */ = {isa = PBXFileReference; lastKnownFileType = sourcecode.swift; path = Entities.swift; sourceTree = "<group>"; };
		1B8B4077234FACC90053B6D9 /* DataProvider.swift */ = {isa = PBXFileReference; lastKnownFileType = sourcecode.swift; path = DataProvider.swift; sourceTree = "<group>"; };
		1B8B407B234FC80D0053B6D9 /* InfoViewCell.swift */ = {isa = PBXFileReference; lastKnownFileType = sourcecode.swift; path = InfoViewCell.swift; sourceTree = "<group>"; };
		1B8B407D234FC81E0053B6D9 /* ImageViewCell.swift */ = {isa = PBXFileReference; lastKnownFileType = sourcecode.swift; path = ImageViewCell.swift; sourceTree = "<group>"; };
		1BDEE37123539959008EEA6D /* Utilities.swift */ = {isa = PBXFileReference; lastKnownFileType = sourcecode.swift; path = Utilities.swift; sourceTree = "<group>"; };
/* End PBXFileReference section */

/* Begin PBXFrameworksBuildPhase section */
		1B8B4034234E349A0053B6D9 /* Frameworks */ = {
			isa = PBXFrameworksBuildPhase;
			buildActionMask = 2147483647;
			files = (
			);
			runOnlyForDeploymentPostprocessing = 0;
		};
/* End PBXFrameworksBuildPhase section */

/* Begin PBXGroup section */
		1B8B402E234E349A0053B6D9 = {
			isa = PBXGroup;
			children = (
				1B8B4039234E349A0053B6D9 /* FlyMe */,
				1B8B4038234E349A0053B6D9 /* Products */,
			);
			sourceTree = "<group>";
		};
		1B8B4038234E349A0053B6D9 /* Products */ = {
			isa = PBXGroup;
			children = (
				1B8B4037234E349A0053B6D9 /* FlyMe.app */,
			);
			name = Products;
			sourceTree = "<group>";
		};
		1B8B4039234E349A0053B6D9 /* FlyMe */ = {
			isa = PBXGroup;
			children = (
				1BCB9F6B2351D50700FF5410 /* Application */,
				1BCB9F6E2351D52A00FF5410 /* Controller */,
				1BCB9F6D2351D52400FF5410 /* View */,
				1BCB9F6C2351D51500FF5410 /* Model */,
				1BCB9F6F2351D53700FF5410 /* Assets */,
				1B8B4043234E349B0053B6D9 /* Assets.xcassets */,
				1B8B4048234E349B0053B6D9 /* Info.plist */,
			);
			path = FlyMe;
			sourceTree = "<group>";
		};
		1BCB9F6B2351D50700FF5410 /* Application */ = {
			isa = PBXGroup;
			children = (
				1B8B403A234E349A0053B6D9 /* AppDelegate.swift */,
				1B8B403C234E349A0053B6D9 /* SceneDelegate.swift */,
			);
			path = Application;
			sourceTree = "<group>";
		};
		1BCB9F6C2351D51500FF5410 /* Model */ = {
			isa = PBXGroup;
			children = (
				1B8B4077234FACC90053B6D9 /* DataProvider.swift */,
				1B8B4075234F85500053B6D9 /* Entities.swift */,
				1BDEE37123539959008EEA6D /* Utilities.swift */,
			);
			path = Model;
			sourceTree = "<group>";
		};
		1BCB9F6D2351D52400FF5410 /* View */ = {
			isa = PBXGroup;
			children = (
				1B8B407B234FC80D0053B6D9 /* InfoViewCell.swift */,
				1B8B407D234FC81E0053B6D9 /* ImageViewCell.swift */,
			);
			path = View;
			sourceTree = "<group>";
		};
		1BCB9F6E2351D52A00FF5410 /* Controller */ = {
			isa = PBXGroup;
			children = (
				1B8B403E234E349A0053B6D9 /* ViewController.swift */,
			);
			path = Controller;
			sourceTree = "<group>";
		};
		1BCB9F6F2351D53700FF5410 /* Assets */ = {
			isa = PBXGroup;
			children = (
				1B8B4040234E349A0053B6D9 /* Main.storyboard */,
				1B8B4045234E349B0053B6D9 /* LaunchScreen.storyboard */,
			);
			path = Assets;
			sourceTree = "<group>";
		};
/* End PBXGroup section */

/* Begin PBXNativeTarget section */
		1B8B4036234E349A0053B6D9 /* FlyMe */ = {
			isa = PBXNativeTarget;
			buildConfigurationList = 1B8B404B234E349B0053B6D9 /* Build configuration list for PBXNativeTarget "FlyMe" */;
			buildPhases = (
				1B8B4033234E349A0053B6D9 /* Sources */,
				1B8B4034234E349A0053B6D9 /* Frameworks */,
				1B8B4035234E349A0053B6D9 /* Resources */,
			);
			buildRules = (
			);
			dependencies = (
			);
			name = FlyMe;
			productName = FlyMe;
			productReference = 1B8B4037234E349A0053B6D9 /* FlyMe.app */;
			productType = "com.apple.product-type.application";
		};
/* End PBXNativeTarget section */

/* Begin PBXProject section */
		1B8B402F234E349A0053B6D9 /* Project object */ = {
			isa = PBXProject;
			attributes = {
				LastSwiftUpdateCheck = 1100;
				LastUpgradeCheck = 1100;
				ORGANIZATIONNAME = "Dalibor Kozak";
				TargetAttributes = {
					1B8B4036234E349A0053B6D9 = {
						CreatedOnToolsVersion = 11.0;
					};
				};
			};
			buildConfigurationList = 1B8B4032234E349A0053B6D9 /* Build configuration list for PBXProject "FlyMe" */;
			compatibilityVersion = "Xcode 9.3";
			developmentRegion = en;
			hasScannedForEncodings = 0;
			knownRegions = (
				en,
				Base,
			);
			mainGroup = 1B8B402E234E349A0053B6D9;
			productRefGroup = 1B8B4038234E349A0053B6D9 /* Products */;
			projectDirPath = "";
			projectRoot = "";
			targets = (
				1B8B4036234E349A0053B6D9 /* FlyMe */,
			);
		};
/* End PBXProject section */

/* Begin PBXResourcesBuildPhase section */
		1B8B4035234E349A0053B6D9 /* Resources */ = {
			isa = PBXResourcesBuildPhase;
			buildActionMask = 2147483647;
			files = (
				1B8B4047234E349B0053B6D9 /* LaunchScreen.storyboard in Resources */,
				1B8B4044234E349B0053B6D9 /* Assets.xcassets in Resources */,
				1B8B4042234E349A0053B6D9 /* Main.storyboard in Resources */,
			);
			runOnlyForDeploymentPostprocessing = 0;
		};
/* End PBXResourcesBuildPhase section */

/* Begin PBXSourcesBuildPhase section */
		1B8B4033234E349A0053B6D9 /* Sources */ = {
			isa = PBXSourcesBuildPhase;
			buildActionMask = 2147483647;
			files = (
				1B8B407C234FC80D0053B6D9 /* InfoViewCell.swift in Sources */,
				1B8B407E234FC81E0053B6D9 /* ImageViewCell.swift in Sources */,
				1B8B403F234E349A0053B6D9 /* ViewController.swift in Sources */,
				1B8B403B234E349A0053B6D9 /* AppDelegate.swift in Sources */,
				1B8B4078234FACC90053B6D9 /* DataProvider.swift in Sources */,
				1B8B4076234F85500053B6D9 /* Entities.swift in Sources */,
				1BDEE37223539959008EEA6D /* Utilities.swift in Sources */,
				1B8B403D234E349A0053B6D9 /* SceneDelegate.swift in Sources */,
			);
			runOnlyForDeploymentPostprocessing = 0;
		};
/* End PBXSourcesBuildPhase section */

/* Begin PBXVariantGroup section */
		1B8B4040234E349A0053B6D9 /* Main.storyboard */ = {
			isa = PBXVariantGroup;
			children = (
				1B8B4041234E349A0053B6D9 /* Base */,
			);
			name = Main.storyboard;
			sourceTree = "<group>";
		};
		1B8B4045234E349B0053B6D9 /* LaunchScreen.storyboard */ = {
			isa = PBXVariantGroup;
			children = (
				1B8B4046234E349B0053B6D9 /* Base */,
			);
			name = LaunchScreen.storyboard;
			sourceTree = "<group>";
		};
/* End PBXVariantGroup section */

/* Begin XCBuildConfiguration section */
		1B8B4049234E349B0053B6D9 /* Debug */ = {
			isa = XCBuildConfiguration;
			buildSettings = {
				ALWAYS_SEARCH_USER_PATHS = NO;
				CLANG_ANALYZER_NONNULL = YES;
				CLANG_ANALYZER_NUMBER_OBJECT_CONVERSION = YES_AGGRESSIVE;
				CLANG_CXX_LANGUAGE_STANDARD = "gnu++14";
				CLANG_CXX_LIBRARY = "libc++";
				CLANG_ENABLE_MODULES = YES;
				CLANG_ENABLE_OBJC_ARC = YES;
				CLANG_ENABLE_OBJC_WEAK = YES;
				CLANG_WARN_BLOCK_CAPTURE_AUTORELEASING = YES;
				CLANG_WARN_BOOL_CONVERSION = YES;
				CLANG_WARN_COMMA = YES;
				CLANG_WARN_CONSTANT_CONVERSION = YES;
				CLANG_WARN_DEPRECATED_OBJC_IMPLEMENTATIONS = YES;
				CLANG_WARN_DIRECT_OBJC_ISA_USAGE = YES_ERROR;
				CLANG_WARN_DOCUMENTATION_COMMENTS = YES;
				CLANG_WARN_EMPTY_BODY = YES;
				CLANG_WARN_ENUM_CONVERSION = YES;
				CLANG_WARN_INFINITE_RECURSION = YES;
				CLANG_WARN_INT_CONVERSION = YES;
				CLANG_WARN_NON_LITERAL_NULL_CONVERSION = YES;
				CLANG_WARN_OBJC_IMPLICIT_RETAIN_SELF = YES;
				CLANG_WARN_OBJC_LITERAL_CONVERSION = YES;
				CLANG_WARN_OBJC_ROOT_CLASS = YES_ERROR;
				CLANG_WARN_RANGE_LOOP_ANALYSIS = YES;
				CLANG_WARN_STRICT_PROTOTYPES = YES;
				CLANG_WARN_SUSPICIOUS_MOVE = YES;
				CLANG_WARN_UNGUARDED_AVAILABILITY = YES_AGGRESSIVE;
				CLANG_WARN_UNREACHABLE_CODE = YES;
				CLANG_WARN__DUPLICATE_METHOD_MATCH = YES;
				COPY_PHASE_STRIP = NO;
				DEBUG_INFORMATION_FORMAT = dwarf;
				ENABLE_STRICT_OBJC_MSGSEND = YES;
				ENABLE_TESTABILITY = YES;
				GCC_C_LANGUAGE_STANDARD = gnu11;
				GCC_DYNAMIC_NO_PIC = NO;
				GCC_NO_COMMON_BLOCKS = YES;
				GCC_OPTIMIZATION_LEVEL = 0;
				GCC_PREPROCESSOR_DEFINITIONS = (
					"DEBUG=1",
					"$(inherited)",
				);
				GCC_WARN_64_TO_32_BIT_CONVERSION = YES;
				GCC_WARN_ABOUT_RETURN_TYPE = YES_ERROR;
				GCC_WARN_UNDECLARED_SELECTOR = YES;
				GCC_WARN_UNINITIALIZED_AUTOS = YES_AGGRESSIVE;
				GCC_WARN_UNUSED_FUNCTION = YES;
				GCC_WARN_UNUSED_VARIABLE = YES;
				IPHONEOS_DEPLOYMENT_TARGET = 13.0;
				MTL_ENABLE_DEBUG_INFO = INCLUDE_SOURCE;
				MTL_FAST_MATH = YES;
				ONLY_ACTIVE_ARCH = YES;
				SDKROOT = iphoneos;
				SWIFT_ACTIVE_COMPILATION_CONDITIONS = DEBUG;
				SWIFT_OPTIMIZATION_LEVEL = "-Onone";
			};
			name = Debug;
		};
		1B8B404A234E349B0053B6D9 /* Release */ = {
			isa = XCBuildConfiguration;
			buildSettings = {
				ALWAYS_SEARCH_USER_PATHS = NO;
				CLANG_ANALYZER_NONNULL = YES;
				CLANG_ANALYZER_NUMBER_OBJECT_CONVERSION = YES_AGGRESSIVE;
				CLANG_CXX_LANGUAGE_STANDARD = "gnu++14";
				CLANG_CXX_LIBRARY = "libc++";
				CLANG_ENABLE_MODULES = YES;
				CLANG_ENABLE_OBJC_ARC = YES;
				CLANG_ENABLE_OBJC_WEAK = YES;
				CLANG_WARN_BLOCK_CAPTURE_AUTORELEASING = YES;
				CLANG_WARN_BOOL_CONVERSION = YES;
				CLANG_WARN_COMMA = YES;
				CLANG_WARN_CONSTANT_CONVERSION = YES;
				CLANG_WARN_DEPRECATED_OBJC_IMPLEMENTATIONS = YES;
				CLANG_WARN_DIRECT_OBJC_ISA_USAGE = YES_ERROR;
				CLANG_WARN_DOCUMENTATION_COMMENTS = YES;
				CLANG_WARN_EMPTY_BODY = YES;
				CLANG_WARN_ENUM_CONVERSION = YES;
				CLANG_WARN_INFINITE_RECURSION = YES;
				CLANG_WARN_INT_CONVERSION = YES;
				CLANG_WARN_NON_LITERAL_NULL_CONVERSION = YES;
				CLANG_WARN_OBJC_IMPLICIT_RETAIN_SELF = YES;
				CLANG_WARN_OBJC_LITERAL_CONVERSION = YES;
				CLANG_WARN_OBJC_ROOT_CLASS = YES_ERROR;
				CLANG_WARN_RANGE_LOOP_ANALYSIS = YES;
				CLANG_WARN_STRICT_PROTOTYPES = YES;
				CLANG_WARN_SUSPICIOUS_MOVE = YES;
				CLANG_WARN_UNGUARDED_AVAILABILITY = YES_AGGRESSIVE;
				CLANG_WARN_UNREACHABLE_CODE = YES;
				CLANG_WARN__DUPLICATE_METHOD_MATCH = YES;
				COPY_PHASE_STRIP = NO;
				DEBUG_INFORMATION_FORMAT = "dwarf-with-dsym";
				ENABLE_NS_ASSERTIONS = NO;
				ENABLE_STRICT_OBJC_MSGSEND = YES;
				GCC_C_LANGUAGE_STANDARD = gnu11;
				GCC_NO_COMMON_BLOCKS = YES;
				GCC_WARN_64_TO_32_BIT_CONVERSION = YES;
				GCC_WARN_ABOUT_RETURN_TYPE = YES_ERROR;
				GCC_WARN_UNDECLARED_SELECTOR = YES;
				GCC_WARN_UNINITIALIZED_AUTOS = YES_AGGRESSIVE;
				GCC_WARN_UNUSED_FUNCTION = YES;
				GCC_WARN_UNUSED_VARIABLE = YES;
				IPHONEOS_DEPLOYMENT_TARGET = 13.0;
				MTL_ENABLE_DEBUG_INFO = NO;
				MTL_FAST_MATH = YES;
				SDKROOT = iphoneos;
				SWIFT_COMPILATION_MODE = wholemodule;
				SWIFT_OPTIMIZATION_LEVEL = "-O";
				VALIDATE_PRODUCT = YES;
			};
			name = Release;
		};
		1B8B404C234E349B0053B6D9 /* Debug */ = {
			isa = XCBuildConfiguration;
			buildSettings = {
				ASSETCATALOG_COMPILER_APPICON_NAME = AppIcon;
				CODE_SIGN_STYLE = Automatic;
				DEVELOPMENT_TEAM = 857Z5289RP;
				INFOPLIST_FILE = FlyMe/Info.plist;
				IPHONEOS_DEPLOYMENT_TARGET = 13.0;
				LD_RUNPATH_SEARCH_PATHS = (
					"$(inherited)",
					"@executable_path/Frameworks",
				);
				PRODUCT_BUNDLE_IDENTIFIER = dako.FlyMe;
				PRODUCT_NAME = "$(TARGET_NAME)";
				SWIFT_VERSION = 5.0;
				TARGETED_DEVICE_FAMILY = "1,2";
			};
			name = Debug;
		};
		1B8B404D234E349B0053B6D9 /* Release */ = {
			isa = XCBuildConfiguration;
			buildSettings = {
				ASSETCATALOG_COMPILER_APPICON_NAME = AppIcon;
				CODE_SIGN_STYLE = Automatic;
				DEVELOPMENT_TEAM = 857Z5289RP;
				INFOPLIST_FILE = FlyMe/Info.plist;
				IPHONEOS_DEPLOYMENT_TARGET = 13.0;
				LD_RUNPATH_SEARCH_PATHS = (
					"$(inherited)",
					"@executable_path/Frameworks",
				);
				PRODUCT_BUNDLE_IDENTIFIER = dako.FlyMe;
				PRODUCT_NAME = "$(TARGET_NAME)";
				SWIFT_VERSION = 5.0;
				TARGETED_DEVICE_FAMILY = "1,2";
			};
			name = Release;
		};
/* End XCBuildConfiguration section */

/* Begin XCConfigurationList section */
		1B8B4032234E349A0053B6D9 /* Build configuration list for PBXProject "FlyMe" */ = {
			isa = XCConfigurationList;
			buildConfigurations = (
				1B8B4049234E349B0053B6D9 /* Debug */,
				1B8B404A234E349B0053B6D9 /* Release */,
			);
			defaultConfigurationIsVisible = 0;
			defaultConfigurationName = Release;
		};
		1B8B404B234E349B0053B6D9 /* Build configuration list for PBXNativeTarget "FlyMe" */ = {
			isa = XCConfigurationList;
			buildConfigurations = (
				1B8B404C234E349B0053B6D9 /* Debug */,
				1B8B404D234E349B0053B6D9 /* Release */,
			);
			defaultConfigurationIsVisible = 0;
			defaultConfigurationName = Release;
		};
/* End XCConfigurationList section */
	};
	rootObject = 1B8B402F234E349A0053B6D9 /* Project object */;
}
